{
  "version": 4,
  "terraform_version": "1.3.4",
  "serial": 39,
  "lineage": "1c0af659-261b-5e21-fff7-a1f8c5127ba5",
  "outputs": {},
  "resources": [
    {
      "mode": "managed",
      "type": "github_repository",
      "name": "bard",
      "provider": "provider[\"registry.terraform.io/integrations/github\"]",
      "instances": [
        {
          "schema_version": 0,
          "attributes": {
            "allow_auto_merge": false,
            "allow_merge_commit": true,
            "allow_rebase_merge": true,
            "allow_squash_merge": true,
            "archive_on_destroy": null,
            "archived": false,
            "auto_init": false,
            "branches": [
              {
                "name": "main",
                "protected": false
              }
            ],
            "default_branch": "main",
            "delete_branch_on_merge": false,
            "description": "[read-only] Tool that helps manage monorepos",
            "etag": "W/\"f443cf3d2e7674af914b632a56a21271d8e13d9cf59abcb2b4c4671b6b20071a\"",
            "full_name": "SonsOfPHP/bard",
            "git_clone_url": "git://github.com/SonsOfPHP/bard.git",
            "gitignore_template": null,
            "has_downloads": false,
            "has_issues": false,
            "has_projects": false,
            "has_wiki": false,
            "homepage_url": "https://docs.sonsofphp.com",
            "html_url": "https://github.com/SonsOfPHP/bard",
            "http_clone_url": "https://github.com/SonsOfPHP/bard.git",
            "id": "bard",
            "ignore_vulnerability_alerts_during_read": null,
            "is_template": false,
            "license_template": null,
            "merge_commit_message": "PR_TITLE",
            "merge_commit_title": "MERGE_MESSAGE",
            "name": "bard",
            "node_id": "R_kgDOHUhBxw",
            "pages": [],
            "private": false,
            "repo_id": 491274695,
            "squash_merge_commit_message": "COMMIT_MESSAGES",
            "squash_merge_commit_title": "COMMIT_OR_PR_TITLE",
            "ssh_clone_url": "git@github.com:SonsOfPHP/bard.git",
            "svn_url": "https://github.com/SonsOfPHP/bard",
            "template": [],
            "topics": [
              "bard-php",
              "monorepo",
              "php",
              "php8"
            ],
            "visibility": "public",
            "vulnerability_alerts": false
          },
          "sensitive_attributes": [],
          "private": "bnVsbA=="
        }
      ]
    },
    {
      "mode": "managed",
      "type": "github_repository",
      "name": "clock",
      "provider": "provider[\"registry.terraform.io/integrations/github\"]",
      "instances": [
        {
          "schema_version": 0,
          "attributes": {
            "allow_auto_merge": false,
            "allow_merge_commit": true,
            "allow_rebase_merge": true,
            "allow_squash_merge": true,
            "archive_on_destroy": null,
            "archived": false,
            "auto_init": false,
            "branches": [
              {
                "name": "main",
                "protected": false
              }
            ],
            "default_branch": "main",
            "delete_branch_on_merge": false,
            "description": "[read-only] Lightweight clock implementation to abstract away using PHP's DateTime objects",
            "etag": "W/\"9ebc103d30ae13af5ca19eda409e626da1be2aa0cd743d91702622298852c32c\"",
            "full_name": "SonsOfPHP/clock",
            "git_clone_url": "git://github.com/SonsOfPHP/clock.git",
            "gitignore_template": null,
            "has_downloads": false,
            "has_issues": false,
            "has_projects": false,
            "has_wiki": false,
            "homepage_url": "https://docs.sonsofphp.com/components/clock",
            "html_url": "https://github.com/SonsOfPHP/clock",
            "http_clone_url": "https://github.com/SonsOfPHP/clock.git",
            "id": "clock",
            "ignore_vulnerability_alerts_during_read": null,
            "is_template": false,
            "license_template": null,
            "merge_commit_message": "PR_TITLE",
            "merge_commit_title": "MERGE_MESSAGE",
            "name": "clock",
            "node_id": "R_kgDOHOZnYw",
            "pages": [],
            "private": false,
            "repo_id": 484861795,
            "squash_merge_commit_message": "COMMIT_MESSAGES",
            "squash_merge_commit_title": "COMMIT_OR_PR_TITLE",
            "ssh_clone_url": "git@github.com:SonsOfPHP/clock.git",
            "svn_url": "https://github.com/SonsOfPHP/clock",
            "template": [],
            "topics": [
              "clock",
              "date",
              "datetime",
              "php",
              "php-clock",
              "php-library",
              "psr-20",
              "time"
            ],
            "visibility": "public",
            "vulnerability_alerts": false
          },
          "sensitive_attributes": [],
          "private": "bnVsbA=="
        }
      ]
    },
    {
      "mode": "managed",
      "type": "github_repository",
      "name": "cqrs",
      "provider": "provider[\"registry.terraform.io/integrations/github\"]",
      "instances": [
        {
          "schema_version": 0,
          "attributes": {
            "allow_auto_merge": false,
            "allow_merge_commit": true,
            "allow_rebase_merge": true,
            "allow_squash_merge": true,
            "archive_on_destroy": null,
            "archived": false,
            "auto_init": false,
            "branches": [
              {
                "name": "main",
                "protected": false
              }
            ],
            "default_branch": "main",
            "delete_branch_on_merge": false,
            "description": "[read-only] CQRS to help get you up and running quickly",
            "etag": "W/\"2be4a70ae6029180f3f6127be75bc72a3bf925986aae0e6a31a030ef74043c22\"",
            "full_name": "SonsOfPHP/cqrs",
            "git_clone_url": "git://github.com/SonsOfPHP/cqrs.git",
            "gitignore_template": null,
            "has_downloads": false,
            "has_issues": false,
            "has_projects": false,
            "has_wiki": false,
            "homepage_url": "https://docs.sonsofphp.com/components/cqrs",
            "html_url": "https://github.com/SonsOfPHP/cqrs",
            "http_clone_url": "https://github.com/SonsOfPHP/cqrs.git",
            "id": "cqrs",
            "ignore_vulnerability_alerts_during_read": null,
            "is_template": false,
            "license_template": null,
            "merge_commit_message": "PR_TITLE",
            "merge_commit_title": "MERGE_MESSAGE",
            "name": "cqrs",
            "node_id": "R_kgDOHQLDew",
            "pages": [],
            "private": false,
            "repo_id": 486720379,
            "squash_merge_commit_message": "COMMIT_MESSAGES",
            "squash_merge_commit_title": "COMMIT_OR_PR_TITLE",
            "ssh_clone_url": "git@github.com:SonsOfPHP/cqrs.git",
            "svn_url": "https://github.com/SonsOfPHP/cqrs",
            "template": [],
            "topics": [
              "command-query-response-segregation",
              "cqrs",
              "php",
              "php-cqrs"
            ],
            "visibility": "public",
            "vulnerability_alerts": false
          },
          "sensitive_attributes": [],
          "private": "bnVsbA=="
        }
      ]
    },
    {
      "mode": "managed",
      "type": "github_repository",
      "name": "cqrs_symfony",
      "provider": "provider[\"registry.terraform.io/integrations/github\"]",
      "instances": [
        {
          "schema_version": 0,
          "attributes": {
            "allow_auto_merge": false,
            "allow_merge_commit": true,
            "allow_rebase_merge": true,
            "allow_squash_merge": true,
            "archive_on_destroy": null,
            "archived": false,
            "auto_init": false,
            "branches": [
              {
                "name": "main",
                "protected": false
              }
            ],
            "default_branch": "main",
            "delete_branch_on_merge": false,
            "description": "[read-only] Adds additional functionality to the sonsofphp/cqrs package",
            "etag": "W/\"55500568a471a2f9922a28796334df81016109490c4ca31b7b234f2e6625bb37\"",
            "full_name": "SonsOfPHP/cqrs-symfony",
            "git_clone_url": "git://github.com/SonsOfPHP/cqrs-symfony.git",
            "gitignore_template": null,
            "has_downloads": false,
            "has_issues": false,
            "has_projects": false,
            "has_wiki": false,
            "homepage_url": "https://docs.sonsofphp.com/components/cqrs",
            "html_url": "https://github.com/SonsOfPHP/cqrs-symfony",
            "http_clone_url": "https://github.com/SonsOfPHP/cqrs-symfony.git",
            "id": "cqrs-symfony",
            "ignore_vulnerability_alerts_during_read": null,
            "is_template": false,
            "license_template": null,
            "merge_commit_message": "PR_TITLE",
            "merge_commit_title": "MERGE_MESSAGE",
            "name": "cqrs-symfony",
            "node_id": "R_kgDOHj53Hg",
            "pages": [],
            "private": false,
            "repo_id": 507410206,
            "squash_merge_commit_message": "COMMIT_MESSAGES",
            "squash_merge_commit_title": "COMMIT_OR_PR_TITLE",
            "ssh_clone_url": "git@github.com:SonsOfPHP/cqrs-symfony.git",
            "svn_url": "https://github.com/SonsOfPHP/cqrs-symfony",
            "template": [],
            "topics": [
              "bridge",
              "cqrs",
              "php",
              "symfony"
            ],
            "visibility": "public",
            "vulnerability_alerts": false
          },
          "sensitive_attributes": [],
          "private": "bnVsbA=="
        }
      ]
    },
    {
      "mode": "managed",
      "type": "github_repository",
      "name": "event_dispatcher",
      "provider": "provider[\"registry.terraform.io/integrations/github\"]",
      "instances": [
        {
          "schema_version": 0,
          "attributes": {
            "allow_auto_merge": false,
            "allow_merge_commit": true,
            "allow_rebase_merge": true,
            "allow_squash_merge": true,
            "archive_on_destroy": null,
            "archived": false,
            "auto_init": false,
            "branches": [
              {
                "name": "main",
                "protected": false
              }
            ],
            "default_branch": "main",
            "delete_branch_on_merge": false,
            "description": "[read-only] Event Dispatcher Component",
            "etag": "W/\"fdf7b54f5428f62d5fecb09fea52f5cf549281a29823428a9ecabf36fb913d15\"",
            "full_name": "SonsOfPHP/event-dispatcher",
            "git_clone_url": "git://github.com/SonsOfPHP/event-dispatcher.git",
            "gitignore_template": null,
            "has_downloads": false,
            "has_issues": false,
            "has_projects": false,
            "has_wiki": false,
            "homepage_url": "https://docs.sonsofphp.com/components/event-dispatcher",
            "html_url": "https://github.com/SonsOfPHP/event-dispatcher",
            "http_clone_url": "https://github.com/SonsOfPHP/event-dispatcher.git",
            "id": "event-dispatcher",
            "ignore_vulnerability_alerts_during_read": null,
            "is_template": false,
            "license_template": null,
            "merge_commit_message": "PR_TITLE",
            "merge_commit_title": "MERGE_MESSAGE",
            "name": "event-dispatcher",
            "node_id": "R_kgDOHPF-FA",
            "pages": [],
            "private": false,
            "repo_id": 485588500,
            "squash_merge_commit_message": "COMMIT_MESSAGES",
            "squash_merge_commit_title": "COMMIT_OR_PR_TITLE",
            "ssh_clone_url": "git@github.com:SonsOfPHP/event-dispatcher.git",
            "svn_url": "https://github.com/SonsOfPHP/event-dispatcher",
            "template": [],
            "topics": [
              "event-dispatcher",
              "php",
              "php-library",
              "psr-14"
            ],
            "visibility": "public",
            "vulnerability_alerts": false
          },
          "sensitive_attributes": [],
          "private": "bnVsbA=="
        }
      ]
    },
    {
      "mode": "managed",
      "type": "github_repository",
      "name": "event_sourcing",
      "provider": "provider[\"registry.terraform.io/integrations/github\"]",
      "instances": [
        {
          "schema_version": 0,
          "attributes": {
            "allow_auto_merge": false,
            "allow_merge_commit": true,
            "allow_rebase_merge": true,
            "allow_squash_merge": true,
            "archive_on_destroy": null,
            "archived": false,
            "auto_init": false,
            "branches": [
              {
                "name": "main",
                "protected": false
              }
            ],
            "default_branch": "main",
            "delete_branch_on_merge": false,
            "description": "[read-only] event sourcing component",
            "etag": "W/\"3dd4b3c15a89cf88c586f405e048a65a25b9a960902df38d84d39efc75524a6b\"",
            "full_name": "SonsOfPHP/event-sourcing",
            "git_clone_url": "git://github.com/SonsOfPHP/event-sourcing.git",
            "gitignore_template": null,
            "has_downloads": false,
            "has_issues": false,
            "has_projects": false,
            "has_wiki": false,
            "homepage_url": "https://docs.sonsofphp.com/components/event-sourcing",
            "html_url": "https://github.com/SonsOfPHP/event-sourcing",
            "http_clone_url": "https://github.com/SonsOfPHP/event-sourcing.git",
            "id": "event-sourcing",
            "ignore_vulnerability_alerts_during_read": null,
            "is_template": false,
            "license_template": null,
            "merge_commit_message": "PR_TITLE",
            "merge_commit_title": "MERGE_MESSAGE",
            "name": "event-sourcing",
            "node_id": "R_kgDOHPEWfA",
            "pages": [],
            "private": false,
            "repo_id": 485561980,
            "squash_merge_commit_message": "COMMIT_MESSAGES",
            "squash_merge_commit_title": "COMMIT_OR_PR_TITLE",
            "ssh_clone_url": "git@github.com:SonsOfPHP/event-sourcing.git",
            "svn_url": "https://github.com/SonsOfPHP/event-sourcing",
            "template": [],
            "topics": [
              "event-sourcing",
              "event-store",
              "php",
              "php-event-sourcing",
              "php-library"
            ],
            "visibility": "public",
            "vulnerability_alerts": false
          },
          "sensitive_attributes": [],
          "private": "bnVsbA=="
        }
      ]
    },
    {
      "mode": "managed",
      "type": "github_repository",
      "name": "event_sourcing_doctrine",
      "provider": "provider[\"registry.terraform.io/integrations/github\"]",
      "instances": [
        {
          "schema_version": 0,
          "attributes": {
            "allow_auto_merge": false,
            "allow_merge_commit": true,
            "allow_rebase_merge": true,
            "allow_squash_merge": true,
            "archive_on_destroy": null,
            "archived": false,
            "auto_init": false,
            "branches": [
              {
                "name": "main",
                "protected": false
              }
            ],
            "default_branch": "main",
            "delete_branch_on_merge": false,
            "description": "[read-only] Provides additional functionality to sonsofphp/event-sourcing package",
            "etag": "W/\"86608765b41af7b57e222819d2cd579094375afed86727ff420c288daa9fef90\"",
            "full_name": "SonsOfPHP/event-sourcing-doctrine",
            "git_clone_url": "git://github.com/SonsOfPHP/event-sourcing-doctrine.git",
            "gitignore_template": null,
            "has_downloads": false,
            "has_issues": false,
            "has_projects": false,
            "has_wiki": false,
            "homepage_url": "https://docs.sonsofphp.com/components/event-sourcing",
            "html_url": "https://github.com/SonsOfPHP/event-sourcing-doctrine",
            "http_clone_url": "https://github.com/SonsOfPHP/event-sourcing-doctrine.git",
            "id": "event-sourcing-doctrine",
            "ignore_vulnerability_alerts_during_read": null,
            "is_template": false,
            "license_template": null,
            "merge_commit_message": "PR_TITLE",
            "merge_commit_title": "MERGE_MESSAGE",
            "name": "event-sourcing-doctrine",
            "node_id": "R_kgDOHUhDvQ",
            "pages": [],
            "private": false,
            "repo_id": 491275197,
            "squash_merge_commit_message": "COMMIT_MESSAGES",
            "squash_merge_commit_title": "COMMIT_OR_PR_TITLE",
            "ssh_clone_url": "git@github.com:SonsOfPHP/event-sourcing-doctrine.git",
            "svn_url": "https://github.com/SonsOfPHP/event-sourcing-doctrine",
            "template": [],
            "topics": [
              "doctrine-dbal",
              "doctrine-orm",
              "event-sourcing",
              "php"
            ],
            "visibility": "public",
            "vulnerability_alerts": false
          },
          "sensitive_attributes": [],
          "private": "bnVsbA=="
        }
      ]
    },
    {
      "mode": "managed",
      "type": "github_repository",
      "name": "event_sourcing_symfony",
      "provider": "provider[\"registry.terraform.io/integrations/github\"]",
      "instances": [
        {
          "schema_version": 0,
          "attributes": {
            "allow_auto_merge": false,
            "allow_merge_commit": true,
            "allow_rebase_merge": true,
            "allow_squash_merge": true,
            "archive_on_destroy": null,
            "archived": false,
            "auto_init": false,
            "branches": [
              {
                "name": "main",
                "protected": false
              }
            ],
            "default_branch": "main",
            "delete_branch_on_merge": false,
            "description": "[read-only] Provides additional functionality to sonsofphp/event-sourcing package",
            "etag": "W/\"a89dccad324a487bd193d75f55e418b4d5bbee4b45faad41a12c4683cd4db8ce\"",
            "full_name": "SonsOfPHP/event-sourcing-symfony",
            "git_clone_url": "git://github.com/SonsOfPHP/event-sourcing-symfony.git",
            "gitignore_template": null,
            "has_downloads": false,
            "has_issues": false,
            "has_projects": false,
            "has_wiki": false,
            "homepage_url": "https://docs.sonsofphp.com/components/event-sourcing",
            "html_url": "https://github.com/SonsOfPHP/event-sourcing-symfony",
            "http_clone_url": "https://github.com/SonsOfPHP/event-sourcing-symfony.git",
            "id": "event-sourcing-symfony",
            "ignore_vulnerability_alerts_during_read": null,
            "is_template": false,
            "license_template": null,
            "merge_commit_message": "PR_TITLE",
            "merge_commit_title": "MERGE_MESSAGE",
            "name": "event-sourcing-symfony",
            "node_id": "R_kgDOHUhEqA",
            "pages": [],
            "private": false,
            "repo_id": 491275432,
            "squash_merge_commit_message": "COMMIT_MESSAGES",
            "squash_merge_commit_title": "COMMIT_OR_PR_TITLE",
            "ssh_clone_url": "git@github.com:SonsOfPHP/event-sourcing-symfony.git",
            "svn_url": "https://github.com/SonsOfPHP/event-sourcing-symfony",
            "template": [],
            "topics": [
              "event-bus",
              "event-sourcing",
              "php",
              "symfony"
            ],
            "visibility": "public",
            "vulnerability_alerts": false
          },
          "sensitive_attributes": [],
          "private": "bnVsbA=="
        }
      ]
    },
    {
      "mode": "managed",
      "type": "github_repository",
      "name": "feature_toggle",
      "provider": "provider[\"registry.terraform.io/integrations/github\"]",
      "instances": [
        {
          "schema_version": 0,
          "attributes": {
            "allow_auto_merge": false,
            "allow_merge_commit": true,
            "allow_rebase_merge": true,
            "allow_squash_merge": true,
            "archive_on_destroy": null,
            "archived": false,
            "auto_init": false,
            "branches": [
              {
                "name": "main",
                "protected": false
              }
            ],
            "default_branch": "main",
            "delete_branch_on_merge": false,
            "description": "[read-only] Feature Toggles for PHP",
            "etag": "W/\"ebcb0807116a26f9bba2c5fc24627ffa31b5d96593cfbd6a0b3360ee9317c039\"",
            "full_name": "SonsOfPHP/feature-toggle",
            "git_clone_url": "git://github.com/SonsOfPHP/feature-toggle.git",
            "gitignore_template": null,
            "has_downloads": false,
            "has_issues": false,
            "has_projects": false,
            "has_wiki": false,
            "homepage_url": "https://docs.sonsofphp.com/components/feature-toggle",
            "html_url": "https://github.com/SonsOfPHP/feature-toggle",
            "http_clone_url": "https://github.com/SonsOfPHP/feature-toggle.git",
            "id": "feature-toggle",
            "ignore_vulnerability_alerts_during_read": null,
            "is_template": false,
            "license_template": null,
            "merge_commit_message": "PR_TITLE",
            "merge_commit_title": "MERGE_MESSAGE",
            "name": "feature-toggle",
            "node_id": "R_kgDOHObmZw",
            "pages": [],
            "private": false,
            "repo_id": 484894311,
            "squash_merge_commit_message": "COMMIT_MESSAGES",
            "squash_merge_commit_title": "COMMIT_OR_PR_TITLE",
            "ssh_clone_url": "git@github.com:SonsOfPHP/feature-toggle.git",
            "svn_url": "https://github.com/SonsOfPHP/feature-toggle",
            "template": [],
            "topics": [
              "feature-flags",
              "feature-toggles",
              "php",
              "php-library",
              "toggles"
            ],
            "visibility": "public",
            "vulnerability_alerts": false
          },
          "sensitive_attributes": [],
          "private": "bnVsbA=="
        }
      ]
    },
    {
      "mode": "managed",
      "type": "github_repository",
      "name": "json",
      "provider": "provider[\"registry.terraform.io/integrations/github\"]",
      "instances": [
        {
          "schema_version": 0,
          "attributes": {
            "allow_auto_merge": false,
            "allow_merge_commit": true,
            "allow_rebase_merge": true,
            "allow_squash_merge": true,
            "archive_on_destroy": null,
            "archived": false,
            "auto_init": false,
            "branches": [
              {
                "name": "main",
                "protected": false
              }
            ],
            "default_branch": "main",
            "delete_branch_on_merge": false,
            "description": "[read-only] Provides json wrapper",
            "etag": "W/\"1e10a14257981bf30650e53e2b4642e7c307e2289935533178b51816edc8c6e9\"",
            "full_name": "SonsOfPHP/json",
            "git_clone_url": "git://github.com/SonsOfPHP/json.git",
            "gitignore_template": null,
            "has_downloads": false,
            "has_issues": false,
            "has_projects": false,
            "has_wiki": false,
            "homepage_url": "https://docs.sonsofphp.com/components/json",
            "html_url": "https://github.com/SonsOfPHP/json",
            "http_clone_url": "https://github.com/SonsOfPHP/json.git",
            "id": "json",
            "ignore_vulnerability_alerts_during_read": null,
            "is_template": false,
            "license_template": null,
            "merge_commit_message": "PR_TITLE",
            "merge_commit_title": "MERGE_MESSAGE",
            "name": "json",
            "node_id": "R_kgDOHPcz2g",
            "pages": [],
            "private": false,
            "repo_id": 485962714,
            "squash_merge_commit_message": "COMMIT_MESSAGES",
            "squash_merge_commit_title": "COMMIT_OR_PR_TITLE",
            "ssh_clone_url": "git@github.com:SonsOfPHP/json.git",
            "svn_url": "https://github.com/SonsOfPHP/json",
            "template": [],
            "topics": [
              "json",
              "json-decoder",
              "json-encoder",
              "php"
            ],
            "visibility": "public",
            "vulnerability_alerts": false
          },
          "sensitive_attributes": [],
          "private": "bnVsbA=="
        }
      ]
    },
    {
      "mode": "managed",
      "type": "github_repository",
      "name": "money",
      "provider": "provider[\"registry.terraform.io/integrations/github\"]",
      "instances": [
        {
          "schema_version": 0,
          "attributes": {
            "allow_auto_merge": false,
            "allow_merge_commit": true,
            "allow_rebase_merge": true,
            "allow_squash_merge": true,
            "archive_on_destroy": null,
            "archived": false,
            "auto_init": false,
            "branches": [
              {
                "name": "main",
                "protected": false
              }
            ],
            "default_branch": "main",
            "delete_branch_on_merge": false,
            "description": "[read-only] Use when dealing with Money in PHP",
            "etag": "W/\"b83661ba03c0a50662fda9b9b37d029ca7724f4312fd83a81555db20105624b0\"",
            "full_name": "SonsOfPHP/money",
            "git_clone_url": "git://github.com/SonsOfPHP/money.git",
            "gitignore_template": null,
            "has_downloads": false,
            "has_issues": false,
            "has_projects": false,
            "has_wiki": false,
            "homepage_url": "https://docs.sonsofphp.com/components/money",
            "html_url": "https://github.com/SonsOfPHP/money",
            "http_clone_url": "https://github.com/SonsOfPHP/money.git",
            "id": "money",
            "ignore_vulnerability_alerts_during_read": null,
            "is_template": false,
            "license_template": null,
            "merge_commit_message": "PR_TITLE",
            "merge_commit_title": "MERGE_MESSAGE",
            "name": "money",
            "node_id": "R_kgDOHOq8eg",
            "pages": [],
            "private": false,
            "repo_id": 485145722,
            "squash_merge_commit_message": "COMMIT_MESSAGES",
            "squash_merge_commit_title": "COMMIT_OR_PR_TITLE",
            "ssh_clone_url": "git@github.com:SonsOfPHP/money.git",
            "svn_url": "https://github.com/SonsOfPHP/money",
            "template": [],
            "topics": [
              "currencies",
              "currency",
              "iso-4217",
              "library",
              "monetary",
              "money",
              "php",
              "php-money"
            ],
            "visibility": "public",
            "vulnerability_alerts": false
          },
          "sensitive_attributes": [],
          "private": "bnVsbA=="
        }
      ]
    },
    {
      "mode": "managed",
      "type": "github_repository",
      "name": "sonsofphp",
      "provider": "provider[\"registry.terraform.io/integrations/github\"]",
      "instances": [
        {
          "schema_version": 0,
          "attributes": {
            "allow_auto_merge": false,
            "allow_merge_commit": true,
            "allow_rebase_merge": true,
            "allow_squash_merge": true,
            "archive_on_destroy": null,
            "archived": false,
            "auto_init": false,
            "branches": [
              {
                "name": "gh-pages",
                "protected": false
              },
              {
                "name": "main",
                "protected": true
              }
            ],
            "default_branch": "main",
            "delete_branch_on_merge": true,
            "description": "Mother Repository - All Development is done here",
            "etag": "W/\"7f50b14329ddec8ab2f1e5cb83b9b67fc0f5e14c5b18d9f18478c14ca6e2baa9\"",
            "full_name": "SonsOfPHP/sonsofphp",
            "git_clone_url": "git://github.com/SonsOfPHP/sonsofphp.git",
            "gitignore_template": null,
            "has_downloads": true,
            "has_issues": true,
            "has_projects": false,
            "has_wiki": false,
            "homepage_url": "https://docs.sonsofphp.com",
            "html_url": "https://github.com/SonsOfPHP/sonsofphp",
            "http_clone_url": "https://github.com/SonsOfPHP/sonsofphp.git",
            "id": "sonsofphp",
            "ignore_vulnerability_alerts_during_read": null,
            "is_template": false,
            "license_template": null,
            "merge_commit_message": "PR_TITLE",
            "merge_commit_title": "MERGE_MESSAGE",
            "name": "sonsofphp",
            "node_id": "R_kgDOHOVhxA",
            "pages": [
              {
                "cname": "docs.sonsofphp.com",
                "custom_404": true,
                "html_url": "http://docs.sonsofphp.com/",
                "source": [
                  {
                    "branch": "gh-pages",
                    "path": "/"
                  }
                ],
                "status": "built",
                "url": "https://api.github.com/repos/SonsOfPHP/sonsofphp/pages"
              }
            ],
            "private": false,
            "repo_id": 484794820,
            "squash_merge_commit_message": "COMMIT_MESSAGES",
            "squash_merge_commit_title": "COMMIT_OR_PR_TITLE",
            "ssh_clone_url": "git@github.com:SonsOfPHP/sonsofphp.git",
            "svn_url": "https://github.com/SonsOfPHP/sonsofphp",
            "template": [],
            "topics": [
              "bard-php",
              "clock",
              "cqrs",
              "event-dispatcher",
              "event-sourcing",
              "feature-flags",
              "hacktoberfest",
              "json",
              "money",
              "php",
              "php-library",
              "php7",
              "php8",
              "psr-14",
              "psr-20",
              "sons-of-php",
              "sonsofphp"
            ],
            "visibility": "public",
            "vulnerability_alerts": true
          },
          "sensitive_attributes": [],
          "private": "bnVsbA=="
        }
      ]
    },
    {
      "mode": "managed",
      "type": "github_repository",
      "name": "symfony_sop",
      "provider": "provider[\"registry.terraform.io/integrations/github\"]",
      "instances": [
        {
          "schema_version": 0,
          "attributes": {
            "allow_auto_merge": true,
            "allow_merge_commit": true,
            "allow_rebase_merge": true,
            "allow_squash_merge": true,
            "archive_on_destroy": null,
            "archived": false,
            "auto_init": false,
            "branches": [
              {
                "name": "main",
                "protected": false
              }
            ],
            "default_branch": "main",
            "delete_branch_on_merge": true,
            "description": "Symfony Template Repository for base projects",
            "etag": "W/\"03a810d4acae083447291dd1eecf92cf987c1aba978992f8894e1936b7fb734e\"",
            "full_name": "SonsOfPHP/symfony-sop",
            "git_clone_url": "git://github.com/SonsOfPHP/symfony-sop.git",
            "gitignore_template": null,
            "has_downloads": false,
            "has_issues": true,
            "has_projects": false,
            "has_wiki": false,
            "homepage_url": "https://docs.sonsofphp.com",
            "html_url": "https://github.com/SonsOfPHP/symfony-sop",
            "http_clone_url": "https://github.com/SonsOfPHP/symfony-sop.git",
            "id": "symfony-sop",
            "ignore_vulnerability_alerts_during_read": null,
            "is_template": true,
            "license_template": null,
            "merge_commit_message": "PR_TITLE",
            "merge_commit_title": "MERGE_MESSAGE",
            "name": "symfony-sop",
            "node_id": "R_kgDOIVQb8Q",
            "pages": [],
            "private": false,
            "repo_id": 559160305,
            "squash_merge_commit_message": "COMMIT_MESSAGES",
            "squash_merge_commit_title": "COMMIT_OR_PR_TITLE",
            "ssh_clone_url": "git@github.com:SonsOfPHP/symfony-sop.git",
            "svn_url": "https://github.com/SonsOfPHP/symfony-sop",
            "template": [],
            "topics": [
              "domain-driven-design",
              "hacktoberfest",
              "hexagonal-architecture",
              "symfony",
              "template"
            ],
            "visibility": "public",
            "vulnerability_alerts": true
          },
          "sensitive_attributes": [],
          "private": "bnVsbA=="
        }
      ]
    },
    {
      "mode": "managed",
      "type": "github_repository",
      "name": "version",
      "provider": "provider[\"registry.terraform.io/integrations/github\"]",
      "instances": [
        {
          "schema_version": 0,
          "attributes": {
            "allow_auto_merge": false,
            "allow_merge_commit": true,
            "allow_rebase_merge": true,
            "allow_squash_merge": true,
            "archive_on_destroy": null,
            "archived": false,
            "auto_init": false,
            "branches": [
              {
                "name": "main",
                "protected": false
              }
            ],
            "default_branch": "main",
            "delete_branch_on_merge": false,
            "description": "[read-only] Compare and manage versions using the semver standard",
            "etag": "W/\"eba9de3e3bdc2d3133e30a190f8f8ebe7fcd7c5cd5ec3b4584b786367350b3eb\"",
            "full_name": "SonsOfPHP/version",
            "git_clone_url": "git://github.com/SonsOfPHP/version.git",
            "gitignore_template": null,
            "has_downloads": false,
            "has_issues": false,
            "has_projects": false,
            "has_wiki": false,
            "homepage_url": "https://docs.sonsofphp.com/components/version",
            "html_url": "https://github.com/SonsOfPHP/version",
            "http_clone_url": "https://github.com/SonsOfPHP/version.git",
            "id": "version",
            "ignore_vulnerability_alerts_during_read": null,
            "is_template": false,
            "license_template": null,
            "merge_commit_message": "PR_TITLE",
            "merge_commit_title": "MERGE_MESSAGE",
            "name": "version",
            "node_id": "R_kgDOHRv9CA",
            "pages": [],
            "private": false,
            "repo_id": 488373512,
            "squash_merge_commit_message": "COMMIT_MESSAGES",
            "squash_merge_commit_title": "COMMIT_OR_PR_TITLE",
            "ssh_clone_url": "git@github.com:SonsOfPHP/version.git",
            "svn_url": "https://github.com/SonsOfPHP/version",
            "template": [],
            "topics": [
              "php",
              "semver",
              "version",
              "version-parser"
            ],
            "visibility": "public",
            "vulnerability_alerts": false
          },
          "sensitive_attributes": [],
          "private": "bnVsbA=="
        }
      ]
    },
    {
      "mode": "managed",
      "type": "github_team",
      "name": "hang_arounds",
      "provider": "provider[\"registry.terraform.io/integrations/github\"]",
      "instances": [
        {
          "schema_version": 0,
          "attributes": {
            "create_default_maintainer": null,
            "description": "",
            "etag": "W/\"8f2179fc6b6dce070c532a8909d7a86e1ab305524e195cdd5db29bc7fcd588ee\"",
            "id": "6872033",
            "ldap_dn": "",
            "members_count": 1,
            "name": "Hang Arounds",
            "node_id": "T_kwDOBjWlXs4AaNvh",
            "parent_team_id": null,
            "privacy": "closed",
            "slug": "hang-arounds"
          },
          "sensitive_attributes": [],
          "private": "eyJzY2hlbWFfdmVyc2lvbiI6IjAifQ=="
        }
      ]
    },
    {
      "mode": "managed",
      "type": "github_team",
      "name": "members",
      "provider": "provider[\"registry.terraform.io/integrations/github\"]",
      "instances": [
        {
          "schema_version": 0,
          "attributes": {
            "create_default_maintainer": null,
            "description": "",
            "etag": "W/\"cdec9e48f27981f6a73188fae8097dbaf1e278555566c6d5cfa296328a01b35e\"",
            "id": "5975481",
            "ldap_dn": "",
            "members_count": 1,
            "name": "Members",
            "node_id": "T_kwDOBjWlXs4AWy25",
            "parent_team_id": null,
            "privacy": "closed",
            "slug": "members"
          },
          "sensitive_attributes": [],
          "private": "eyJzY2hlbWFfdmVyc2lvbiI6IjAifQ=="
        }
      ]
    },
    {
      "mode": "managed",
      "type": "github_team",
      "name": "prospects",
      "provider": "provider[\"registry.terraform.io/integrations/github\"]",
      "instances": [
        {
          "schema_version": 0,
          "attributes": {
            "create_default_maintainer": null,
            "description": "",
            "etag": "W/\"6b8244197fdf04fcc205f9d59310fd49b571e8c8c0010e6c8bad448a02e4b33c\"",
            "id": "5975451",
            "ldap_dn": "",
            "members_count": 1,
            "name": "Prospects",
            "node_id": "T_kwDOBjWlXs4AWy2b",
            "parent_team_id": null,
            "privacy": "closed",
            "slug": "prospects"
          },
          "sensitive_attributes": [],
          "private": "eyJzY2hlbWFfdmVyc2lvbiI6IjAifQ=="
        }
      ]
    },
    {
      "mode": "managed",
      "type": "github_team",
      "name": "security",
      "provider": "provider[\"registry.terraform.io/integrations/github\"]",
      "instances": [
        {
          "schema_version": 0,
          "attributes": {
            "create_default_maintainer": null,
            "description": "Individuals responsible for the security of all things",
            "etag": "W/\"858ef4d8921a71c92a664220a35f711997b2c938a7266286041e1dd4d2fe9f33\"",
            "id": "6883613",
            "ldap_dn": "",
            "members_count": 1,
            "name": "Security",
            "node_id": "T_kwDOBjWlXs4AaQkd",
            "parent_team_id": 5975481,
            "privacy": "closed",
            "slug": "security"
          },
          "sensitive_attributes": [],
          "private": "eyJzY2hlbWFfdmVyc2lvbiI6IjAifQ==",
          "dependencies": [
            "github_team.members"
          ]
        }
      ]
    },
    {
      "mode": "managed",
      "type": "github_team",
      "name": "terraform",
      "provider": "provider[\"registry.terraform.io/integrations/github\"]",
      "instances": [
        {
          "schema_version": 0,
          "attributes": {
            "create_default_maintainer": null,
            "description": "",
            "etag": "W/\"86b84f458f9f2ae445643bb346af46c7e68725669e871fa6e82cd819672f0c0f\"",
            "id": "6883615",
            "ldap_dn": "",
            "members_count": 1,
            "name": "Terraform",
            "node_id": "T_kwDOBjWlXs4AaQkf",
            "parent_team_id": 5975481,
            "privacy": "closed",
            "slug": "terraform"
          },
          "sensitive_attributes": [],
          "private": "eyJzY2hlbWFfdmVyc2lvbiI6IjAifQ==",
          "dependencies": [
            "github_team.members"
          ]
        }
      ]
    }
  ],
  "check_results": null
}
